// !$*UTF8*$!
{
	archiveVersion = 1;
	classes = {
	};
	objectVersion = 46;
	objects = {

/* Begin PBXBuildFile section */
		26D25CC11C80482800443219 /* main.m in Sources */ = {isa = PBXBuildFile; fileRef = 26D25CC01C80482800443219 /* main.m */; };
		26D25CC41C80482800443219 /* AppDelegate.m in Sources */ = {isa = PBXBuildFile; fileRef = 26D25CC31C80482800443219 /* AppDelegate.m */; };
		26D25CC71C80482800443219 /* ViewController.m in Sources */ = {isa = PBXBuildFile; fileRef = 26D25CC61C80482800443219 /* ViewController.m */; };
		26D25CCA1C80482800443219 /* Main.storyboard in Resources */ = {isa = PBXBuildFile; fileRef = 26D25CC81C80482800443219 /* Main.storyboard */; };
		26D25CCC1C80482800443219 /* Assets.xcassets in Resources */ = {isa = PBXBuildFile; fileRef = 26D25CCB1C80482800443219 /* Assets.xcassets */; };
		26D25CCF1C80482800443219 /* LaunchScreen.storyboard in Resources */ = {isa = PBXBuildFile; fileRef = 26D25CCD1C80482800443219 /* LaunchScreen.storyboard */; };
		26D25CDA1C80482800443219 /* TestNaviHeightUITests.m in Sources */ = {isa = PBXBuildFile; fileRef = 26D25CD91C80482800443219 /* TestNaviHeightUITests.m */; };
		26D25CEA1C8052CB00443219 /* UINavigationBar+CustomHeight.m in Sources */ = {isa = PBXBuildFile; fileRef = 26D25CE91C8052CB00443219 /* UINavigationBar+CustomHeight.m */; };
/* End PBXBuildFile section */

/* Begin PBXContainerItemProxy section */
		26D25CD61C80482800443219 /* PBXContainerItemProxy */ = {
			isa = PBXContainerItemProxy;
			containerPortal = 26D25CB41C80482800443219 /* Project object */;
			proxyType = 1;
			remoteGlobalIDString = 26D25CBB1C80482800443219;
			remoteInfo = TestNaviHeight;
		};
/* End PBXContainerItemProxy section */

/* Begin PBXFileReference section */
		26D25CBC1C80482800443219 /* TestNaviHeight.app */ = {isa = PBXFileReference; explicitFileType = wrapper.application; includeInIndex = 0; path = TestNaviHeight.app; sourceTree = BUILT_PRODUCTS_DIR; };
		26D25CC01C80482800443219 /* main.m */ = {isa = PBXFileReference; lastKnownFileType = sourcecode.c.objc; path = main.m; sourceTree = "<group>"; };
		26D25CC21C80482800443219 /* AppDelegate.h */ = {isa = PBXFileReference; lastKnownFileType = sourcecode.c.h; path = AppDelegate.h; sourceTree = "<group>"; };
		26D25CC31C80482800443219 /* AppDelegate.m */ = {isa = PBXFileReference; lastKnownFileType = sourcecode.c.objc; path = AppDelegate.m; sourceTree = "<group>"; };
		26D25CC51C80482800443219 /* ViewController.h */ = {isa = PBXFileReference; lastKnownFileType = sourcecode.c.h; path = ViewController.h; sourceTree = "<group>"; };
		26D25CC61C80482800443219 /* ViewController.m */ = {isa = PBXFileReference; lastKnownFileType = sourcecode.c.objc; path = ViewController.m; sourceTree = "<group>"; };
		26D25CC91C80482800443219 /* Base */ = {isa = PBXFileReference; lastKnownFileType = file.storyboard; name = Base; path = Base.lproj/Main.storyboard; sourceTree = "<group>"; };
		26D25CCB1C80482800443219 /* Assets.xcassets */ = {isa = PBXFileReference; lastKnownFileType = folder.assetcatalog; path = Assets.xcassets; sourceTree = "<group>"; };
		26D25CCE1C80482800443219 /* Base */ = {isa = PBXFileReference; lastKnownFileType = file.storyboard; name = Base; path = Base.lproj/LaunchScreen.storyboard; sourceTree = "<group>"; };
		26D25CD01C80482800443219 /* Info.plist */ = {isa = PBXFileReference; lastKnownFileType = text.plist.xml; path = Info.plist; sourceTree = "<group>"; };
		26D25CD51C80482800443219 /* TestNaviHeightUITests.xctest */ = {isa = PBXFileReference; explicitFileType = wrapper.cfbundle; includeInIndex = 0; path = TestNaviHeightUITests.xctest; sourceTree = BUILT_PRODUCTS_DIR; };
		26D25CD91C80482800443219 /* TestNaviHeightUITests.m */ = {isa = PBXFileReference; lastKnownFileType = sourcecode.c.objc; path = TestNaviHeightUITests.m; sourceTree = "<group>"; };
		26D25CDB1C80482800443219 /* Info.plist */ = {isa = PBXFileReference; lastKnownFileType = text.plist.xml; path = Info.plist; sourceTree = "<group>"; };
		26D25CE81C8052CB00443219 /* UINavigationBar+CustomHeight.h */ = {isa = PBXFileReference; fileEncoding = 4; lastKnownFileType = sourcecode.c.h; path = "UINavigationBar+CustomHeight.h"; sourceTree = "<group>"; };
		26D25CE91C8052CB00443219 /* UINavigationBar+CustomHeight.m */ = {isa = PBXFileReference; fileEncoding = 4; lastKnownFileType = sourcecode.c.objc; path = "UINavigationBar+CustomHeight.m"; sourceTree = "<group>"; };
/* End PBXFileReference section */

/* Begin PBXFrameworksBuildPhase section */
		26D25CB91C80482800443219 /* Frameworks */ = {
			isa = PBXFrameworksBuildPhase;
			buildActionMask = 2147483647;
			files = (
			);
			runOnlyForDeploymentPostprocessing = 0;
		};
		26D25CD21C80482800443219 /* Frameworks */ = {
			isa = PBXFrameworksBuildPhase;
			buildActionMask = 2147483647;
			files = (
			);
			runOnlyForDeploymentPostprocessing = 0;
		};
/* End PBXFrameworksBuildPhase section */

/* Begin PBXGroup section */
		26D25CB31C80482800443219 = {
			isa = PBXGroup;
			children = (
				26D25CBE1C80482800443219 /* TestNaviHeight */,
				26D25CD81C80482800443219 /* TestNaviHeightUITests */,
				26D25CBD1C80482800443219 /* Products */,
			);
			sourceTree = "<group>";
		};
		26D25CBD1C80482800443219 /* Products */ = {
			isa = PBXGroup;
			children = (
				26D25CBC1C80482800443219 /* TestNaviHeight.app */,
				26D25CD51C80482800443219 /* TestNaviHeightUITests.xctest */,
			);
			name = Products;
			sourceTree = "<group>";
		};
		26D25CBE1C80482800443219 /* TestNaviHeight */ = {
			isa = PBXGroup;
			children = (
				26D25CE71C8052B900443219 /* CustomNaviagtionHeight */,
				26D25CC21C80482800443219 /* AppDelegate.h */,
				26D25CC31C80482800443219 /* AppDelegate.m */,
				26D25CC51C80482800443219 /* ViewController.h */,
				26D25CC61C80482800443219 /* ViewController.m */,
				26D25CC81C80482800443219 /* Main.storyboard */,
				26D25CCB1C80482800443219 /* Assets.xcassets */,
				26D25CCD1C80482800443219 /* LaunchScreen.storyboard */,
				26D25CD01C80482800443219 /* Info.plist */,
				26D25CBF1C80482800443219 /* Supporting Files */,
			);
			path = TestNaviHeight;
			sourceTree = "<group>";
		};
		26D25CBF1C80482800443219 /* Supporting Files */ = {
			isa = PBXGroup;
			children = (
				26D25CC01C80482800443219 /* main.m */,
			);
			name = "Supporting Files";
			sourceTree = "<group>";
		};
		26D25CD81C80482800443219 /* TestNaviHeightUITests */ = {
			isa = PBXGroup;
			children = (
				26D25CD91C80482800443219 /* TestNaviHeightUITests.m */,
				26D25CDB1C80482800443219 /* Info.plist */,
			);
			path = TestNaviHeightUITests;
			sourceTree = "<group>";
		};
		26D25CE71C8052B900443219 /* CustomNaviagtionHeight */ = {
			isa = PBXGroup;
			children = (
				26D25CE81C8052CB00443219 /* UINavigationBar+CustomHeight.h */,
				26D25CE91C8052CB00443219 /* UINavigationBar+CustomHeight.m */,
			);
			name = CustomNaviagtionHeight;
			sourceTree = "<group>";
		};
/* End PBXGroup section */

/* Begin PBXNativeTarget section */
		26D25CBB1C80482800443219 /* TestNaviHeight */ = {
			isa = PBXNativeTarget;
			buildConfigurationList = 26D25CDE1C80482800443219 /* Build configuration list for PBXNativeTarget "TestNaviHeight" */;
			buildPhases = (
				26D25CB81C80482800443219 /* Sources */,
				26D25CB91C80482800443219 /* Frameworks */,
				26D25CBA1C80482800443219 /* Resources */,
			);
			buildRules = (
			);
			dependencies = (
			);
			name = TestNaviHeight;
			productName = TestNaviHeight;
			productReference = 26D25CBC1C80482800443219 /* TestNaviHeight.app */;
			productType = "com.apple.product-type.application";
		};
		26D25CD41C80482800443219 /* TestNaviHeightUITests */ = {
			isa = PBXNativeTarget;
			buildConfigurationList = 26D25CE11C80482800443219 /* Build configuration list for PBXNativeTarget "TestNaviHeightUITests" */;
			buildPhases = (
				26D25CD11C80482800443219 /* Sources */,
				26D25CD21C80482800443219 /* Frameworks */,
				26D25CD31C80482800443219 /* Resources */,
			);
			buildRules = (
			);
			dependencies = (
				26D25CD71C80482800443219 /* PBXTargetDependency */,
			);
			name = TestNaviHeightUITests;
			productName = TestNaviHeightUITests;
			productReference = 26D25CD51C80482800443219 /* TestNaviHeightUITests.xctest */;
			productType = "com.apple.product-type.bundle.ui-testing";
		};
/* End PBXNativeTarget section */

/* Begin PBXProject section */
		26D25CB41C80482800443219 /* Project object */ = {
			isa = PBXProject;
			attributes = {
				LastUpgradeCheck = 0730;
				ORGANIZATIONNAME = "郑东喜";
				TargetAttributes = {
					26D25CBB1C80482800443219 = {
						CreatedOnToolsVersion = 7.3;
					};
					26D25CD41C80482800443219 = {
						CreatedOnToolsVersion = 7.3;
						TestTargetID = 26D25CBB1C80482800443219;
					};
				};
			};
			buildConfigurationList = 26D25CB71C80482800443219 /* Build configuration list for PBXProject "TestNaviHeight" */;
			compatibilityVersion = "Xcode 3.2";
			developmentRegion = English;
			hasScannedForEncodings = 0;
			knownRegions = (
				en,
				Base,
			);
			mainGroup = 26D25CB31C80482800443219;
			productRefGroup = 26D25CBD1C80482800443219 /* Products */;
			projectDirPath = "";
			projectRoot = "";
			targets = (
				26D25CBB1C80482800443219 /* TestNaviHeight */,
				26D25CD41C80482800443219 /* TestNaviHeightUITests */,
			);
		};
/* End PBXProject section */

/* Begin PBXResourcesBuildPhase section */
		26D25CBA1C80482800443219 /* Resources */ = {
			isa = PBXResourcesBuildPhase;
			buildActionMask = 2147483647;
			files = (
				26D25CCF1C80482800443219 /* LaunchScreen.storyboard in Resources */,
				26D25CCC1C80482800443219 /* Assets.xcassets in Resources */,
				26D25CCA1C80482800443219 /* Main.storyboard in Resources */,
			);
			runOnlyForDeploymentPostprocessing = 0;
		};
		26D25CD31C80482800443219 /* Resources */ = {
			isa = PBXResourcesBuildPhase;
			buildActionMask = 2147483647;
			files = (
			);
			runOnlyForDeploymentPostprocessing = 0;
		};
/* End PBXResourcesBuildPhase section */

/* Begin PBXSourcesBuildPhase section */
		26D25CB81C80482800443219 /* Sources */ = {
			isa = PBXSourcesBuildPhase;
			buildActionMask = 2147483647;
			files = (
				26D25CC71C80482800443219 /* ViewController.m in Sources */,
				26D25CEA1C8052CB00443219 /* UINavigationBar+CustomHeight.m in Sources */,
				26D25CC41C80482800443219 /* AppDelegate.m in Sources */,
				26D25CC11C80482800443219 /* main.m in Sources */,
			);
			runOnlyForDeploymentPostprocessing = 0;
		};
		26D25CD11C80482800443219 /* Sources */ = {
			isa = PBXSourcesBuildPhase;
			buildActionMask = 2147483647;
			files = (
				26D25CDA1C80482800443219 /* TestNaviHeightUITests.m in Sources */,
			);
			runOnlyForDeploymentPostprocessing = 0;
		};
/* End PBXSourcesBuildPhase section */

/* Begin PBXTargetDependency section */
		26D25CD71C80482800443219 /* PBXTargetDependency */ = {
			isa = PBXTargetDependency;
			target = 26D25CBB1C80482800443219 /* TestNaviHeight */;
			targetProxy = 26D25CD61C80482800443219 /* PBXContainerItemProxy */;
		};
/* End PBXTargetDependency section */

/* Begin PBXVariantGroup section */
		26D25CC81C80482800443219 /* Main.storyboard */ = {
			isa = PBXVariantGroup;
			children = (
				26D25CC91C80482800443219 /* Base */,
			);
			name = Main.storyboard;
			sourceTree = "<group>";
		};
		26D25CCD1C80482800443219 /* LaunchScreen.storyboard */ = {
			isa = PBXVariantGroup;
			children = (
				26D25CCE1C80482800443219 /* Base */,
			);
			name = LaunchScreen.storyboard;
			sourceTree = "<group>";
		};
/* End PBXVariantGroup section */

/* Begin XCBuildConfiguration section */
		26D25CDC1C80482800443219 /* Debug */ = {
			isa = XCBuildConfiguration;
			buildSettings = {
				ALWAYS_SEARCH_USER_PATHS = NO;
				CLANG_CXX_LANGUAGE_STANDARD = "gnu++0x";
				CLANG_CXX_LIBRARY = "libc++";
				CLANG_ENABLE_MODULES = YES;
				CLANG_ENABLE_OBJC_ARC = YES;
				CLANG_WARN_BOOL_CONVERSION = YES;
				CLANG_WARN_CONSTANT_CONVERSION = YES;
				CLANG_WARN_DIRECT_OBJC_ISA_USAGE = YES_ERROR;
				CLANG_WARN_EMPTY_BODY = YES;
				CLANG_WARN_ENUM_CONVERSION = YES;
				CLANG_WARN_INT_CONVERSION = YES;
				CLANG_WARN_OBJC_ROOT_CLASS = YES_ERROR;
				CLANG_WARN_UNREACHABLE_CODE = YES;
				CLANG_WARN__DUPLICATE_METHOD_MATCH = YES;
				"CODE_SIGN_IDENTITY[sdk=iphoneos*]" = "iPhone Developer";
				COPY_PHASE_STRIP = NO;
				DEBUG_INFORMATION_FORMAT = dwarf;
				ENABLE_STRICT_OBJC_MSGSEND = YES;
				ENABLE_TESTABILITY = YES;
				GCC_C_LANGUAGE_STANDARD = gnu99;
				GCC_DYNAMIC_NO_PIC = NO;
				GCC_NO_COMMON_BLOCKS = YES;
				GCC_OPTIMIZATION_LEVEL = 0;
				GCC_PREPROCESSOR_DEFINITIONS = (
					"DEBUG=1",
					"$(inherited)",
				);
				GCC_WARN_64_TO_32_BIT_CONVERSION = YES;
				GCC_WARN_ABOUT_RETURN_TYPE = YES_ERROR;
				GCC_WARN_UNDECLARED_SELECTOR = YES;
				GCC_WARN_UNINITIALIZED_AUTOS = YES_AGGRESSIVE;
				GCC_WARN_UNUSED_FUNCTION = YES;
				GCC_WARN_UNUSED_VARIABLE = YES;
				IPHONEOS_DEPLOYMENT_TARGET = 9.3;
				MTL_ENABLE_DEBUG_INFO = YES;
				ONLY_ACTIVE_ARCH = YES;
				SDKROOT = iphoneos;
				TARGETED_DEVICE_FAMILY = "1,2";
			};
			name = Debug;
		};
		26D25CDD1C80482800443219 /* Release */ = {
			isa = XCBuildConfiguration;
			buildSettings = {
				ALWAYS_SEARCH_USER_PATHS = NO;
				CLANG_CXX_LANGUAGE_STANDARD = "gnu++0x";
				CLANG_CXX_LIBRARY = "libc++";
				CLANG_ENABLE_MODULES = YES;
				CLANG_ENABLE_OBJC_ARC = YES;
				CLANG_WARN_BOOL_CONVERSION = YES;
				CLANG_WARN_CONSTANT_CONVERSION = YES;
				CLANG_WARN_DIRECT_OBJC_ISA_USAGE = YES_ERROR;
				CLANG_WARN_EMPTY_BODY = YES;
				CLANG_WARN_ENUM_CONVERSION = YES;
				CLANG_WARN_INT_CONVERSION = YES;
				CLANG_WARN_OBJC_ROOT_CLASS = YES_ERROR;
				CLANG_WARN_UNREACHABLE_CODE = YES;
				CLANG_WARN__DUPLICATE_METHOD_MATCH = YES;
				"CODE_SIGN_IDENTITY[sdk=iphoneos*]" = "iPhone Developer";
				COPY_PHASE_STRIP = NO;
				DEBUG_INFORMATION_FORMAT = "dwarf-with-dsym";
				ENABLE_NS_ASSERTIONS = NO;
				ENABLE_STRICT_OBJC_MSGSEND = YES;
				GCC_C_LANGUAGE_STANDARD = gnu99;
				GCC_NO_COMMON_BLOCKS = YES;
				GCC_WARN_64_TO_32_BIT_CONVERSION = YES;
				GCC_WARN_ABOUT_RETURN_TYPE = YES_ERROR;
				GCC_WARN_UNDECLARED_SELECTOR = YES;
				GCC_WARN_UNINITIALIZED_AUTOS = YES_AGGRESSIVE;
				GCC_WARN_UNUSED_FUNCTION = YES;
				GCC_WARN_UNUSED_VARIABLE = YES;
				IPHONEOS_DEPLOYMENT_TARGET = 9.3;
				MTL_ENABLE_DEBUG_INFO = NO;
				SDKROOT = iphoneos;
				TARGETED_DEVICE_FAMILY = "1,2";
				VALIDATE_PRODUCT = YES;
			};
			name = Release;
		};
		26D25CDF1C80482800443219 /* Debug */ = {
			isa = XCBuildConfiguration;
			buildSettings = {
				ASSETCATALOG_COMPILER_APPICON_NAME = AppIcon;
				INFOPLIST_FILE = TestNaviHeight/Info.plist;
				LD_RUNPATH_SEARCH_PATHS = "$(inherited) @executable_path/Frameworks";
				PRODUCT_BUNDLE_IDENTIFIER = com.test.TestNaviHeight;
				PRODUCT_NAME = "$(TARGET_NAME)";
			};
			name = Debug;
		};
		26D25CE01C80482800443219 /* Release */ = {
			isa = XCBuildConfiguration;
			buildSettings = {
				ASSETCATALOG_COMPILER_APPICON_NAME = AppIcon;
				INFOPLIST_FILE = TestNaviHeight/Info.plist;
				LD_RUNPATH_SEARCH_PATHS = "$(inherited) @executable_path/Frameworks";
				PRODUCT_BUNDLE_IDENTIFIER = com.test.TestNaviHeight;
				PRODUCT_NAME = "$(TARGET_NAME)";
			};
			name = Release;
		};
		26D25CE21C80482800443219 /* Debug */ = {
			isa = XCBuildConfiguration;
			buildSettings = {
				INFOPLIST_FILE = TestNaviHeightUITests/Info.plist;
				LD_RUNPATH_SEARCH_PATHS = "$(inherited) @executable_path/Frameworks @loader_path/Frameworks";
				PRODUCT_BUNDLE_IDENTIFIER = com.test.TestNaviHeightUITests;
				PRODUCT_NAME = "$(TARGET_NAME)";
				TEST_TARGET_NAME = TestNaviHeight;
			};
			name = Debug;
		};
		26D25CE31C80482800443219 /* Release */ = {
			isa = XCBuildConfiguration;
			buildSettings = {
				INFOPLIST_FILE = TestNaviHeightUITests/Info.plist;
				LD_RUNPATH_SEARCH_PATHS = "$(inherited) @executable_path/Frameworks @loader_path/Frameworks";
				PRODUCT_BUNDLE_IDENTIFIER = com.test.TestNaviHeightUITests;
				PRODUCT_NAME = "$(TARGET_NAME)";
				TEST_TARGET_NAME = TestNaviHeight;
			};
			name = Release;
		};
/* End XCBuildConfiguration section */

/* Begin XCConfigurationList section */
		26D25CB71C80482800443219 /* Build configuration list for PBXProject "TestNaviHeight" */ = {
			isa = XCConfigurationList;
			buildConfigurations = (
				26D25CDC1C80482800443219 /* Debug */,
				26D25CDD1C80482800443219 /* Release */,
			);
			defaultConfigurationIsVisible = 0;
			defaultConfigurationName = Release;
		};
		26D25CDE1C80482800443219 /* Build configuration list for PBXNativeTarget "TestNaviHeight" */ = {
			isa = XCConfigurationList;
			buildConfigurations = (
				26D25CDF1C80482800443219 /* Debug */,
				26D25CE01C80482800443219 /* Release */,
			);
			defaultConfigurationIsVisible = 0;
			defaultConfigurationName = Release;
		};
		26D25CE11C80482800443219 /* Build configuration list for PBXNativeTarget "TestNaviHeightUITests" */ = {
			isa = XCConfigurationList;
			buildConfigurations = (
				26D25CE21C80482800443219 /* Debug */,
				26D25CE31C80482800443219 /* Release */,
			);
			defaultConfigurationIsVisible = 0;
			defaultConfigurationName = Release;
		};
/* End XCConfigurationList section */
	};
	rootObject = 26D25CB41C80482800443219 /* Project object */;
}
